
Microsoft Visual Studio Solution File, Format Version 12.00
# Visual Studio Version 17
VisualStudioVersion = 17.4.33103.184
MinimumVisualStudioVersion = 10.0.40219.1
Project("{9A19103F-16F7-4668-BE54-9A1E7A4F7556}") = "KnowledgeHubPortal.MVC", "KHPPractice.MVC\KnowledgeHubPortal.MVC.csproj", "{1BE1F254-B376-4F6B-A6A3-7AF9D3EA4C52}"
EndProject
Project("{2150E333-8FDC-42A3-9474-1A3956D46DE8}") = "MVC Layer", "MVC Layer", "{1D906219-CB92-4F02-AE11-B32A481A9067}"
EndProject
Global
	GlobalSection(SolutionConfigurationPlatforms) = preSolution
		Debug|Any CPU = Debug|Any CPU
		Release|Any CPU = Release|Any CPU
	EndGlobalSection
	GlobalSection(ProjectConfigurationPlatforms) = postSolution
		{1BE1F254-B376-4F6B-A6A3-7AF9D3EA4C52}.Debug|Any CPU.ActiveCfg = Debug|Any CPU
		{1BE1F254-B376-4F6B-A6A3-7AF9D3EA4C52}.Debug|Any CPU.Build.0 = Debug|Any CPU
		{1BE1F254-B376-4F6B-A6A3-7AF9D3EA4C52}.Release|Any CPU.ActiveCfg = Release|Any CPU
		{1BE1F254-B376-4F6B-A6A3-7AF9D3EA4C52}.Release|Any CPU.Build.0 = Release|Any CPU
	EndGlobalSection
	GlobalSection(SolutionProperties) = preSolution
		HideSolutionNode = FALSE
	EndGlobalSection
	GlobalSection(NestedProjects) = preSolution
		{1BE1F254-B376-4F6B-A6A3-7AF9D3EA4C52} = {1D906219-CB92-4F02-AE11-B32A481A9067}
	EndGlobalSection
	GlobalSection(ExtensibilityGlobals) = postSolution
		SolutionGuid = {9AA16D98-5BBB-4A45-8F5B-7D61188776B7}
	EndGlobalSection
EndGlobal
